
Microsoft Visual Studio Solution File, Format Version 12.00
# Visual Studio 15
VisualStudioVersion = 15.0.28307.168
MinimumVisualStudioVersion = 10.0.40219.1
Project("{FAE04EC0-301F-11D3-BF4B-00C04F79EFBC}") = "LeanMobileProto.Android", "LeanMobileProto\LeanMobileProto.Android\LeanMobileProto.Android.csproj", "{A6D49B22-C311-475A-AD6E-3D033C0CE90C}"
EndProject
Project("{9A19103F-16F7-4668-BE54-9A1E7A4F7556}") = "LeanMobileProto", "LeanMobileProto\LeanMobileProto\LeanMobileProto.csproj", "{CFA4612C-0D84-48C3-A048-BFEAB904689A}"
EndProject
Project("{2150E333-8FDC-42A3-9474-1A3956D46DE8}") = "Clients", "Clients", "{4E7E34E5-4F9D-4CBA-8783-F28337A712BE}"
EndProject
Global
	GlobalSection(SolutionConfigurationPlatforms) = preSolution
		Debug|Any CPU = Debug|Any CPU
		Release|Any CPU = Release|Any CPU
	EndGlobalSection
	GlobalSection(ProjectConfigurationPlatforms) = postSolution
		{A6D49B22-C311-475A-AD6E-3D033C0CE90C}.Debug|Any CPU.ActiveCfg = Debug|Any CPU
		{A6D49B22-C311-475A-AD6E-3D033C0CE90C}.Debug|Any CPU.Build.0 = Debug|Any CPU
		{A6D49B22-C311-475A-AD6E-3D033C0CE90C}.Debug|Any CPU.Deploy.0 = Debug|Any CPU
		{A6D49B22-C311-475A-AD6E-3D033C0CE90C}.Release|Any CPU.ActiveCfg = Release|Any CPU
		{A6D49B22-C311-475A-AD6E-3D033C0CE90C}.Release|Any CPU.Build.0 = Release|Any CPU
		{A6D49B22-C311-475A-AD6E-3D033C0CE90C}.Release|Any CPU.Deploy.0 = Release|Any CPU
		{CFA4612C-0D84-48C3-A048-BFEAB904689A}.Debug|Any CPU.ActiveCfg = Debug|Any CPU
		{CFA4612C-0D84-48C3-A048-BFEAB904689A}.Debug|Any CPU.Build.0 = Debug|Any CPU
		{CFA4612C-0D84-48C3-A048-BFEAB904689A}.Debug|Any CPU.Deploy.0 = Debug|Any CPU
		{CFA4612C-0D84-48C3-A048-BFEAB904689A}.Release|Any CPU.ActiveCfg = Release|Any CPU
		{CFA4612C-0D84-48C3-A048-BFEAB904689A}.Release|Any CPU.Build.0 = Release|Any CPU
		{CFA4612C-0D84-48C3-A048-BFEAB904689A}.Release|Any CPU.Deploy.0 = Release|Any CPU
	EndGlobalSection
	GlobalSection(SolutionProperties) = preSolution
		HideSolutionNode = FALSE
	EndGlobalSection
	GlobalSection(NestedProjects) = preSolution
		{A6D49B22-C311-475A-AD6E-3D033C0CE90C} = {4E7E34E5-4F9D-4CBA-8783-F28337A712BE}
	EndGlobalSection
	GlobalSection(ExtensibilityGlobals) = postSolution
		SolutionGuid = {9833020A-2AFA-4AFF-9D19-DEB76BB3F189}
	EndGlobalSection
EndGlobal
